
Microsoft Visual Studio Solution File, Format Version 12.00
# Visual Studio Version 17
VisualStudioVersion = 17.10.35027.167
MinimumVisualStudioVersion = 10.0.40219.1
Project("{FAE04EC0-301F-11D3-BF4B-00C04F79EFBC}") = "SchoolManagement", "SchoolManagement\SchoolManagement.csproj", "{97ACAC7B-2559-4354-8ED4-46C4CAAFC278}"
EndProject
Global
	GlobalSection(SolutionConfigurationPlatforms) = preSolution
		Debug|Any CPU = Debug|Any CPU
		Release|Any CPU = Release|Any CPU
	EndGlobalSection
	GlobalSection(ProjectConfigurationPlatforms) = postSolution
		{97ACAC7B-2559-4354-8ED4-46C4CAAFC278}.Debug|Any CPU.ActiveCfg = Debug|Any CPU
		{97ACAC7B-2559-4354-8ED4-46C4CAAFC278}.Debug|Any CPU.Build.0 = Debug|Any CPU
		{97ACAC7B-2559-4354-8ED4-46C4CAAFC278}.Release|Any CPU.ActiveCfg = Release|Any CPU
		{97ACAC7B-2559-4354-8ED4-46C4CAAFC278}.Release|Any CPU.Build.0 = Release|Any CPU
	EndGlobalSection
	GlobalSection(SolutionProperties) = preSolution
		HideSolutionNode = FALSE
	EndGlobalSection
	GlobalSection(ExtensibilityGlobals) = postSolution
		SolutionGuid = {5A73375C-FDCD-4C9B-95BD-FE606EF19BE0}
	EndGlobalSection
EndGlobal
